{
  "name": "@tsonic/target-csharp",
  "version": "0.1.0",
  "lockfileVersion": 3,
  "requires": true,
  "packages": {
    "": {
      "name": "@tsonic/target-csharp",
      "version": "0.1.0",
      "dependencies": {
        "@tsonic/csharp-runtime": "0.1.0",
        "@tsonic/csharp-js": "0.1.0",
        "@tsonic/js-source-profile": "0.1.0"
      },
      "devDependencies": {
        "@tsonic/csharp-runtime": "file:../csharp-runtime",
        "@tsonic/csharp-js": "file:../csharp-js",
        "@tsonic/js-source-profile": "file:../tsonic/packages/js-source-profile",
        "@tsonic/source-core": "file:../tsonic/packages/source-core",
        "@tsonic/target-api": "file:../tsonic/packages/target-api",
        "@tsonic/tsts": "file:../tsonic/packages/tsts"
      },
      "engines": {
        "node": ">=22.18.0"
      },
      "peerDependencies": {
        "@tsonic/source-core": "0.1.0",
        "@tsonic/target-api": "0.1.0",
        "@tsonic/tsts": "0.1.0"
      },
      "license": "MIT"
    },
    "../csharp-js": {
      "name": "@tsonic/csharp-js",
      "version": "0.1.0",
      "dev": true,
      "dependencies": {
        "@tsonic/csharp-runtime": "0.1.0"
      },
      "engines": {
        "node": ">=22.18.0"
      },
      "license": "MIT"
    },
    "../csharp-runtime": {
      "name": "@tsonic/csharp-runtime",
      "version": "0.1.0",
      "dev": true,
      "engines": {
        "node": ">=22.18.0"
      },
      "license": "MIT"
    },
    "../tsonic/packages/js-source-profile": {
      "name": "@tsonic/js-source-profile",
      "version": "0.1.0",
      "dev": true,
      "license": "MIT",
      "dependencies": {
        "@tsonic/source-core": "0.1.0",
        "@tsonic/tsts": "0.1.0"
      },
      "engines": {
        "node": ">=22.18.0"
      }
    },
    "../tsonic/packages/source-core": {
      "name": "@tsonic/source-core",
      "version": "0.1.0",
      "dev": true,
      "license": "MIT",
      "dependencies": {
        "@tsonic/tsts": "0.1.0"
      },
      "engines": {
        "node": ">=22.18.0"
      }
    },
    "../tsonic/packages/target-api": {
      "name": "@tsonic/target-api",
      "version": "0.1.0",
      "dev": true,
      "license": "MIT",
      "dependencies": {
        "@tsonic/tsts": "0.1.0"
      },
      "engines": {
        "node": ">=22.18.0"
      }
    },
    "../tsonic/packages/tsts": {
      "name": "@tsonic/tsts",
      "version": "0.1.0",
      "dev": true,
      "license": "MIT",
      "bin": {
        "tsts": "./dist/src/cli/index.js"
      },
      "engines": {
        "node": ">=22.18.0"
      }
    },
    "node_modules/@tsonic/csharp-js": {
      "resolved": "../csharp-js",
      "link": true
    },
    "node_modules/@tsonic/csharp-runtime": {
      "resolved": "../csharp-runtime",
      "link": true
    },
    "node_modules/@tsonic/js-source-profile": {
      "resolved": "../tsonic/packages/js-source-profile",
      "link": true
    },
    "node_modules/@tsonic/source-core": {
      "resolved": "../tsonic/packages/source-core",
      "link": true
    },
    "node_modules/@tsonic/target-api": {
      "resolved": "../tsonic/packages/target-api",
      "link": true
    },
    "node_modules/@tsonic/tsts": {
      "resolved": "../tsonic/packages/tsts",
      "link": true
    }
  }
}
